golang.org/x/tools v0.1.10 h1:QjFRCZxdOhBJ/UNgnBZLbNV13DlbnK0quyivTnXJM20=
golang.org/x/tools v0.1.10/go.mod h1:Uh6Zz+xoGYZom868N8YTex3t7RhtHDBrE8Gzo9bV56E=
golang.org/x/tools v0.1.11-0.20220316014157-77aa08bb151a h1:ofrrl6c6NG5/IOSx/R1cyiQxxjqlur0h/TvbUhkH0II=
golang.org/x/tools v0.1.11-0.20220316014157-77aa08bb151a/go.mod h1:Uh6Zz+xoGYZom868N8YTex3t7RhtHDBrE8Gzo9bV56E=
